// !$*UTF8*$!
{
	archiveVersion = 1;
	classes = {
	};
	objectVersion = 48;
	objects = {

/* Begin PBXBuildFile section */
		0D0ECFF4EE05D12D1AE47EBE /* Pods_TinderLIke.framework in Frameworks */ = {isa = PBXBuildFile; fileRef = 097111A22643CFF3A092F408 /* Pods_TinderLIke.framework */; };
		4A21EB072125087D0056A2B1 /* AppDelegate.swift in Sources */ = {isa = PBXBuildFile; fileRef = 4A21EB062125087D0056A2B1 /* AppDelegate.swift */; };
		4A21EB092125087D0056A2B1 /* ViewController.swift in Sources */ = {isa = PBXBuildFile; fileRef = 4A21EB082125087D0056A2B1 /* ViewController.swift */; };
		4A21EB0C2125087D0056A2B1 /* Main.storyboard in Resources */ = {isa = PBXBuildFile; fileRef = 4A21EB0A2125087D0056A2B1 /* Main.storyboard */; };
		4A21EB0E2125087D0056A2B1 /* Assets.xcassets in Resources */ = {isa = PBXBuildFile; fileRef = 4A21EB0D2125087D0056A2B1 /* Assets.xcassets */; };
		4A21EB112125087D0056A2B1 /* LaunchScreen.storyboard in Resources */ = {isa = PBXBuildFile; fileRef = 4A21EB0F2125087D0056A2B1 /* LaunchScreen.storyboard */; };
		4AC239C8212E4EE2004E71F4 /* TinderViewController.swift in Sources */ = {isa = PBXBuildFile; fileRef = 4AC239C7212E4EE2004E71F4 /* TinderViewController.swift */; };
/* End PBXBuildFile section */

/* Begin PBXFileReference section */
		097111A22643CFF3A092F408 /* Pods_TinderLIke.framework */ = {isa = PBXFileReference; explicitFileType = wrapper.framework; includeInIndex = 0; path = Pods_TinderLIke.framework; sourceTree = BUILT_PRODUCTS_DIR; };
		4A21EB032125087D0056A2B1 /* TinderLIke.app */ = {isa = PBXFileReference; explicitFileType = wrapper.application; includeInIndex = 0; path = TinderLIke.app; sourceTree = BUILT_PRODUCTS_DIR; };
		4A21EB062125087D0056A2B1 /* AppDelegate.swift */ = {isa = PBXFileReference; lastKnownFileType = sourcecode.swift; path = AppDelegate.swift; sourceTree = "<group>"; };
		4A21EB082125087D0056A2B1 /* ViewController.swift */ = {isa = PBXFileReference; lastKnownFileType = sourcecode.swift; path = ViewController.swift; sourceTree = "<group>"; };
		4A21EB0B2125087D0056A2B1 /* Base */ = {isa = PBXFileReference; lastKnownFileType = file.storyboard; name = Base; path = Base.lproj/Main.storyboard; sourceTree = "<group>"; };
		4A21EB0D2125087D0056A2B1 /* Assets.xcassets */ = {isa = PBXFileReference; lastKnownFileType = folder.assetcatalog; path = Assets.xcassets; sourceTree = "<group>"; };
		4A21EB102125087D0056A2B1 /* Base */ = {isa = PBXFileReference; lastKnownFileType = file.storyboard; name = Base; path = Base.lproj/LaunchScreen.storyboard; sourceTree = "<group>"; };
		4A21EB122125087D0056A2B1 /* Info.plist */ = {isa = PBXFileReference; lastKnownFileType = text.plist.xml; path = Info.plist; sourceTree = "<group>"; };
		4AC239C7212E4EE2004E71F4 /* TinderViewController.swift */ = {isa = PBXFileReference; lastKnownFileType = sourcecode.swift; path = TinderViewController.swift; sourceTree = "<group>"; };
		B806354725A3B16D6E99FB0C /* Pods-TinderLIke.debug.xcconfig */ = {isa = PBXFileReference; includeInIndex = 1; lastKnownFileType = text.xcconfig; name = "Pods-TinderLIke.debug.xcconfig"; path = "Pods/Target Support Files/Pods-TinderLIke/Pods-TinderLIke.debug.xcconfig"; sourceTree = "<group>"; };
		FA4A31E2B7C1E1D0E15421B0 /* Pods-TinderLIke.release.xcconfig */ = {isa = PBXFileReference; includeInIndex = 1; lastKnownFileType = text.xcconfig; name = "Pods-TinderLIke.release.xcconfig"; path = "Pods/Target Support Files/Pods-TinderLIke/Pods-TinderLIke.release.xcconfig"; sourceTree = "<group>"; };
/* End PBXFileReference section */

/* Begin PBXFrameworksBuildPhase section */
		4A21EB002125087D0056A2B1 /* Frameworks */ = {
			isa = PBXFrameworksBuildPhase;
			buildActionMask = 2147483647;
			files = (
				0D0ECFF4EE05D12D1AE47EBE /* Pods_TinderLIke.framework in Frameworks */,
			);
			runOnlyForDeploymentPostprocessing = 0;
		};
/* End PBXFrameworksBuildPhase section */

/* Begin PBXGroup section */
		4A21EAFA2125087D0056A2B1 = {
			isa = PBXGroup;
			children = (
				4A21EB052125087D0056A2B1 /* TinderLIke */,
				4A21EB042125087D0056A2B1 /* Products */,
				821D9108B30B5C56BEDFF5DB /* Pods */,
				CE31B9840818D143F021421D /* Frameworks */,
			);
			sourceTree = "<group>";
		};
		4A21EB042125087D0056A2B1 /* Products */ = {
			isa = PBXGroup;
			children = (
				4A21EB032125087D0056A2B1 /* TinderLIke.app */,
			);
			name = Products;
			sourceTree = "<group>";
		};
		4A21EB052125087D0056A2B1 /* TinderLIke */ = {
			isa = PBXGroup;
			children = (
				4A21EB062125087D0056A2B1 /* AppDelegate.swift */,
				4A21EB082125087D0056A2B1 /* ViewController.swift */,
				4A21EB0A2125087D0056A2B1 /* Main.storyboard */,
				4AC239C7212E4EE2004E71F4 /* TinderViewController.swift */,
				4A21EB0D2125087D0056A2B1 /* Assets.xcassets */,
				4A21EB0F2125087D0056A2B1 /* LaunchScreen.storyboard */,
				4A21EB122125087D0056A2B1 /* Info.plist */,
			);
			path = TinderLIke;
			sourceTree = "<group>";
		};
		821D9108B30B5C56BEDFF5DB /* Pods */ = {
			isa = PBXGroup;
			children = (
				B806354725A3B16D6E99FB0C /* Pods-TinderLIke.debug.xcconfig */,
				FA4A31E2B7C1E1D0E15421B0 /* Pods-TinderLIke.release.xcconfig */,
			);
			name = Pods;
			sourceTree = "<group>";
		};
		CE31B9840818D143F021421D /* Frameworks */ = {
			isa = PBXGroup;
			children = (
				097111A22643CFF3A092F408 /* Pods_TinderLIke.framework */,
			);
			name = Frameworks;
			sourceTree = "<group>";
		};
/* End PBXGroup section */

/* Begin PBXNativeTarget section */
		4A21EB022125087D0056A2B1 /* TinderLIke */ = {
			isa = PBXNativeTarget;
			buildConfigurationList = 4A21EB152125087D0056A2B1 /* Build configuration list for PBXNativeTarget "TinderLIke" */;
			buildPhases = (
				1CEA756592F8977CD232F0DA /* [CP] Check Pods Manifest.lock */,
				4A21EAFF2125087D0056A2B1 /* Sources */,
				4A21EB002125087D0056A2B1 /* Frameworks */,
				4A21EB012125087D0056A2B1 /* Resources */,
				CD2041A1B2239F4DADFDF964 /* [CP] Embed Pods Frameworks */,
			);
			buildRules = (
			);
			dependencies = (
			);
			name = TinderLIke;
			productName = TinderLIke;
			productReference = 4A21EB032125087D0056A2B1 /* TinderLIke.app */;
			productType = "com.apple.product-type.application";
		};
/* End PBXNativeTarget section */

/* Begin PBXProject section */
		4A21EAFB2125087D0056A2B1 /* Project object */ = {
			isa = PBXProject;
			attributes = {
				LastSwiftUpdateCheck = 0910;
				LastUpgradeCheck = 0910;
				ORGANIZATIONNAME = "青野凌介";
				TargetAttributes = {
					4A21EB022125087D0056A2B1 = {
						CreatedOnToolsVersion = 9.1;
						ProvisioningStyle = Automatic;
					};
				};
			};
			buildConfigurationList = 4A21EAFE2125087D0056A2B1 /* Build configuration list for PBXProject "TinderLIke" */;
			compatibilityVersion = "Xcode 8.0";
			developmentRegion = en;
			hasScannedForEncodings = 0;
			knownRegions = (
				en,
				Base,
			);
			mainGroup = 4A21EAFA2125087D0056A2B1;
			productRefGroup = 4A21EB042125087D0056A2B1 /* Products */;
			projectDirPath = "";
			projectRoot = "";
			targets = (
				4A21EB022125087D0056A2B1 /* TinderLIke */,
			);
		};
/* End PBXProject section */

/* Begin PBXResourcesBuildPhase section */
		4A21EB012125087D0056A2B1 /* Resources */ = {
			isa = PBXResourcesBuildPhase;
			buildActionMask = 2147483647;
			files = (
				4A21EB112125087D0056A2B1 /* LaunchScreen.storyboard in Resources */,
				4A21EB0E2125087D0056A2B1 /* Assets.xcassets in Resources */,
				4A21EB0C2125087D0056A2B1 /* Main.storyboard in Resources */,
			);
			runOnlyForDeploymentPostprocessing = 0;
		};
/* End PBXResourcesBuildPhase section */

/* Begin PBXShellScriptBuildPhase section */
		1CEA756592F8977CD232F0DA /* [CP] Check Pods Manifest.lock */ = {
			isa = PBXShellScriptBuildPhase;
			buildActionMask = 2147483647;
			files = (
			);
			inputPaths = (
				"${PODS_PODFILE_DIR_PATH}/Podfile.lock",
				"${PODS_ROOT}/Manifest.lock",
			);
			name = "[CP] Check Pods Manifest.lock";
			outputPaths = (
				"$(DERIVED_FILE_DIR)/Pods-TinderLIke-checkManifestLockResult.txt",
			);
			runOnlyForDeploymentPostprocessing = 0;
			shellPath = /bin/sh;
			shellScript = "diff \"${PODS_PODFILE_DIR_PATH}/Podfile.lock\" \"${PODS_ROOT}/Manifest.lock\" > /dev/null\nif [ $? != 0 ] ; then\n    # print error to STDERR\n    echo \"error: The sandbox is not in sync with the Podfile.lock. Run 'pod install' or update your CocoaPods installation.\" >&2\n    exit 1\nfi\n# This output is used by Xcode 'outputs' to avoid re-running this script phase.\necho \"SUCCESS\" > \"${SCRIPT_OUTPUT_FILE_0}\"\n";
			showEnvVarsInLog = 0;
		};
		CD2041A1B2239F4DADFDF964 /* [CP] Embed Pods Frameworks */ = {
			isa = PBXShellScriptBuildPhase;
			buildActionMask = 2147483647;
			files = (
			);
			inputPaths = (
				"${SRCROOT}/Pods/Target Support Files/Pods-TinderLIke/Pods-TinderLIke-frameworks.sh",
				"${BUILT_PRODUCTS_DIR}/Koloda/Koloda.framework",
				"${BUILT_PRODUCTS_DIR}/pop/pop.framework",
			);
			name = "[CP] Embed Pods Frameworks";
			outputPaths = (
				"${TARGET_BUILD_DIR}/${FRAMEWORKS_FOLDER_PATH}/Koloda.framework",
				"${TARGET_BUILD_DIR}/${FRAMEWORKS_FOLDER_PATH}/pop.framework",
			);
			runOnlyForDeploymentPostprocessing = 0;
			shellPath = /bin/sh;
			shellScript = "\"${SRCROOT}/Pods/Target Support Files/Pods-TinderLIke/Pods-TinderLIke-frameworks.sh\"\n";
			showEnvVarsInLog = 0;
		};
/* End PBXShellScriptBuildPhase section */

/* Begin PBXSourcesBuildPhase section */
		4A21EAFF2125087D0056A2B1 /* Sources */ = {
			isa = PBXSourcesBuildPhase;
			buildActionMask = 2147483647;
			files = (
				4A21EB092125087D0056A2B1 /* ViewController.swift in Sources */,
				4A21EB072125087D0056A2B1 /* AppDelegate.swift in Sources */,
				4AC239C8212E4EE2004E71F4 /* TinderViewController.swift in Sources */,
			);
			runOnlyForDeploymentPostprocessing = 0;
		};
/* End PBXSourcesBuildPhase section */

/* Begin PBXVariantGroup section */
		4A21EB0A2125087D0056A2B1 /* Main.storyboard */ = {
			isa = PBXVariantGroup;
			children = (
				4A21EB0B2125087D0056A2B1 /* Base */,
			);
			name = Main.storyboard;
			sourceTree = "<group>";
		};
		4A21EB0F2125087D0056A2B1 /* LaunchScreen.storyboard */ = {
			isa = PBXVariantGroup;
			children = (
				4A21EB102125087D0056A2B1 /* Base */,
			);
			name = LaunchScreen.storyboard;
			sourceTree = "<group>";
		};
/* End PBXVariantGroup section */

/* Begin XCBuildConfiguration section */
		4A21EB132125087D0056A2B1 /* Debug */ = {
			isa = XCBuildConfiguration;
			buildSettings = {
				ALWAYS_SEARCH_USER_PATHS = NO;
				CLANG_ANALYZER_NONNULL = YES;
				CLANG_ANALYZER_NUMBER_OBJECT_CONVERSION = YES_AGGRESSIVE;
				CLANG_CXX_LANGUAGE_STANDARD = "gnu++14";
				CLANG_CXX_LIBRARY = "libc++";
				CLANG_ENABLE_MODULES = YES;
				CLANG_ENABLE_OBJC_ARC = YES;
				CLANG_WARN_BLOCK_CAPTURE_AUTORELEASING = YES;
				CLANG_WARN_BOOL_CONVERSION = YES;
				CLANG_WARN_COMMA = YES;
				CLANG_WARN_CONSTANT_CONVERSION = YES;
				CLANG_WARN_DIRECT_OBJC_ISA_USAGE = YES_ERROR;
				CLANG_WARN_DOCUMENTATION_COMMENTS = YES;
				CLANG_WARN_EMPTY_BODY = YES;
				CLANG_WARN_ENUM_CONVERSION = YES;
				CLANG_WARN_INFINITE_RECURSION = YES;
				CLANG_WARN_INT_CONVERSION = YES;
				CLANG_WARN_NON_LITERAL_NULL_CONVERSION = YES;
				CLANG_WARN_OBJC_LITERAL_CONVERSION = YES;
				CLANG_WARN_OBJC_ROOT_CLASS = YES_ERROR;
				CLANG_WARN_RANGE_LOOP_ANALYSIS = YES;
				CLANG_WARN_STRICT_PROTOTYPES = YES;
				CLANG_WARN_SUSPICIOUS_MOVE = YES;
				CLANG_WARN_UNGUARDED_AVAILABILITY = YES_AGGRESSIVE;
				CLANG_WARN_UNREACHABLE_CODE = YES;
				CLANG_WARN__DUPLICATE_METHOD_MATCH = YES;
				CODE_SIGN_IDENTITY = "iPhone Developer";
				COPY_PHASE_STRIP = NO;
				DEBUG_INFORMATION_FORMAT = dwarf;
				ENABLE_STRICT_OBJC_MSGSEND = YES;
				ENABLE_TESTABILITY = YES;
				GCC_C_LANGUAGE_STANDARD = gnu11;
				GCC_DYNAMIC_NO_PIC = NO;
				GCC_NO_COMMON_BLOCKS = YES;
				GCC_OPTIMIZATION_LEVEL = 0;
				GCC_PREPROCESSOR_DEFINITIONS = (
					"DEBUG=1",
					"$(inherited)",
				);
				GCC_WARN_64_TO_32_BIT_CONVERSION = YES;
				GCC_WARN_ABOUT_RETURN_TYPE = YES_ERROR;
				GCC_WARN_UNDECLARED_SELECTOR = YES;
				GCC_WARN_UNINITIALIZED_AUTOS = YES_AGGRESSIVE;
				GCC_WARN_UNUSED_FUNCTION = YES;
				GCC_WARN_UNUSED_VARIABLE = YES;
				IPHONEOS_DEPLOYMENT_TARGET = 11.1;
				MTL_ENABLE_DEBUG_INFO = YES;
				ONLY_ACTIVE_ARCH = YES;
				SDKROOT = iphoneos;
				SWIFT_ACTIVE_COMPILATION_CONDITIONS = DEBUG;
				SWIFT_OPTIMIZATION_LEVEL = "-Onone";
			};
			name = Debug;
		};
		4A21EB142125087D0056A2B1 /* Release */ = {
			isa = XCBuildConfiguration;
			buildSettings = {
				ALWAYS_SEARCH_USER_PATHS = NO;
				CLANG_ANALYZER_NONNULL = YES;
				CLANG_ANALYZER_NUMBER_OBJECT_CONVERSION = YES_AGGRESSIVE;
				CLANG_CXX_LANGUAGE_STANDARD = "gnu++14";
				CLANG_CXX_LIBRARY = "libc++";
				CLANG_ENABLE_MODULES = YES;
				CLANG_ENABLE_OBJC_ARC = YES;
				CLANG_WARN_BLOCK_CAPTURE_AUTORELEASING = YES;
				CLANG_WARN_BOOL_CONVERSION = YES;
				CLANG_WARN_COMMA = YES;
				CLANG_WARN_CONSTANT_CONVERSION = YES;
				CLANG_WARN_DIRECT_OBJC_ISA_USAGE = YES_ERROR;
				CLANG_WARN_DOCUMENTATION_COMMENTS = YES;
				CLANG_WARN_EMPTY_BODY = YES;
				CLANG_WARN_ENUM_CONVERSION = YES;
				CLANG_WARN_INFINITE_RECURSION = YES;
				CLANG_WARN_INT_CONVERSION = YES;
				CLANG_WARN_NON_LITERAL_NULL_CONVERSION = YES;
				CLANG_WARN_OBJC_LITERAL_CONVERSION = YES;
				CLANG_WARN_OBJC_ROOT_CLASS = YES_ERROR;
				CLANG_WARN_RANGE_LOOP_ANALYSIS = YES;
				CLANG_WARN_STRICT_PROTOTYPES = YES;
				CLANG_WARN_SUSPICIOUS_MOVE = YES;
				CLANG_WARN_UNGUARDED_AVAILABILITY = YES_AGGRESSIVE;
				CLANG_WARN_UNREACHABLE_CODE = YES;
				CLANG_WARN__DUPLICATE_METHOD_MATCH = YES;
				CODE_SIGN_IDENTITY = "iPhone Developer";
				COPY_PHASE_STRIP = NO;
				DEBUG_INFORMATION_FORMAT = "dwarf-with-dsym";
				ENABLE_NS_ASSERTIONS = NO;
				ENABLE_STRICT_OBJC_MSGSEND = YES;
				GCC_C_LANGUAGE_STANDARD = gnu11;
				GCC_NO_COMMON_BLOCKS = YES;
				GCC_WARN_64_TO_32_BIT_CONVERSION = YES;
				GCC_WARN_ABOUT_RETURN_TYPE = YES_ERROR;
				GCC_WARN_UNDECLARED_SELECTOR = YES;
				GCC_WARN_UNINITIALIZED_AUTOS = YES_AGGRESSIVE;
				GCC_WARN_UNUSED_FUNCTION = YES;
				GCC_WARN_UNUSED_VARIABLE = YES;
				IPHONEOS_DEPLOYMENT_TARGET = 11.1;
				MTL_ENABLE_DEBUG_INFO = NO;
				SDKROOT = iphoneos;
				SWIFT_OPTIMIZATION_LEVEL = "-Owholemodule";
				VALIDATE_PRODUCT = YES;
			};
			name = Release;
		};
		4A21EB162125087D0056A2B1 /* Debug */ = {
			isa = XCBuildConfiguration;
			baseConfigurationReference = B806354725A3B16D6E99FB0C /* Pods-TinderLIke.debug.xcconfig */;
			buildSettings = {
				ASSETCATALOG_COMPILER_APPICON_NAME = AppIcon;
				CODE_SIGN_STYLE = Automatic;
				DEVELOPMENT_TEAM = E7GNHD6GZ5;
				INFOPLIST_FILE = TinderLIke/Info.plist;
				LD_RUNPATH_SEARCH_PATHS = "$(inherited) @executable_path/Frameworks";
				PRODUCT_BUNDLE_IDENTIFIER = Aono.com.TinderLIke;
				PRODUCT_NAME = "$(TARGET_NAME)";
				SWIFT_VERSION = 4.0;
				TARGETED_DEVICE_FAMILY = "1,2";
			};
			name = Debug;
		};
		4A21EB172125087D0056A2B1 /* Release */ = {
			isa = XCBuildConfiguration;
			baseConfigurationReference = FA4A31E2B7C1E1D0E15421B0 /* Pods-TinderLIke.release.xcconfig */;
			buildSettings = {
				ASSETCATALOG_COMPILER_APPICON_NAME = AppIcon;
				CODE_SIGN_STYLE = Automatic;
				DEVELOPMENT_TEAM = E7GNHD6GZ5;
				INFOPLIST_FILE = TinderLIke/Info.plist;
				LD_RUNPATH_SEARCH_PATHS = "$(inherited) @executable_path/Frameworks";
				PRODUCT_BUNDLE_IDENTIFIER = Aono.com.TinderLIke;
				PRODUCT_NAME = "$(TARGET_NAME)";
				SWIFT_VERSION = 4.0;
				TARGETED_DEVICE_FAMILY = "1,2";
			};
			name = Release;
		};
/* End XCBuildConfiguration section */

/* Begin XCConfigurationList section */
		4A21EAFE2125087D0056A2B1 /* Build configuration list for PBXProject "TinderLIke" */ = {
			isa = XCConfigurationList;
			buildConfigurations = (
				4A21EB132125087D0056A2B1 /* Debug */,
				4A21EB142125087D0056A2B1 /* Release */,
			);
			defaultConfigurationIsVisible = 0;
			defaultConfigurationName = Release;
		};
		4A21EB152125087D0056A2B1 /* Build configuration list for PBXNativeTarget "TinderLIke" */ = {
			isa = XCConfigurationList;
			buildConfigurations = (
				4A21EB162125087D0056A2B1 /* Debug */,
				4A21EB172125087D0056A2B1 /* Release */,
			);
			defaultConfigurationIsVisible = 0;
			defaultConfigurationName = Release;
		};
/* End XCConfigurationList section */
	};
	rootObject = 4A21EAFB2125087D0056A2B1 /* Project object */;
}
